// !$*UTF8*$!
{
	archiveVersion = 1;
	classes = {
	};
	objectVersion = 56;
	objects = {

/* Begin PBXBuildFile section */
		0EADA7102C56C9CF00C8A95A /* SearchUserApp.swift in Sources */ = {isa = PBXBuildFile; fileRef = 0EADA70F2C56C9CF00C8A95A /* SearchUserApp.swift */; };
		0EADA7122C56C9CF00C8A95A /* ContentView.swift in Sources */ = {isa = PBXBuildFile; fileRef = 0EADA7112C56C9CF00C8A95A /* ContentView.swift */; };
		0EADA7142C56C9D100C8A95A /* Assets.xcassets in Resources */ = {isa = PBXBuildFile; fileRef = 0EADA7132C56C9D100C8A95A /* Assets.xcassets */; };
		0EADA7172C56C9D100C8A95A /* Preview Assets.xcassets in Resources */ = {isa = PBXBuildFile; fileRef = 0EADA7162C56C9D100C8A95A /* Preview Assets.xcassets */; };
		0EADA7212C56C9D100C8A95A /* SearchUserTests.swift in Sources */ = {isa = PBXBuildFile; fileRef = 0EADA7202C56C9D100C8A95A /* SearchUserTests.swift */; };
		0EADA72B2C56C9D100C8A95A /* SearchUserUITests.swift in Sources */ = {isa = PBXBuildFile; fileRef = 0EADA72A2C56C9D100C8A95A /* SearchUserUITests.swift */; };
		0EADA72D2C56C9D100C8A95A /* SearchUserUITestsLaunchTests.swift in Sources */ = {isa = PBXBuildFile; fileRef = 0EADA72C2C56C9D100C8A95A /* SearchUserUITestsLaunchTests.swift */; };
		0EADA73D2C56DFDE00C8A95A /* User.swift in Sources */ = {isa = PBXBuildFile; fileRef = 0EADA73C2C56DFDE00C8A95A /* User.swift */; };
		0EADA73F2C56E25E00C8A95A /* SearchUserInfo.swift in Sources */ = {isa = PBXBuildFile; fileRef = 0EADA73E2C56E25E00C8A95A /* SearchUserInfo.swift */; };
		0EADA7412C56E5A900C8A95A /* UsersManager.swift in Sources */ = {isa = PBXBuildFile; fileRef = 0EADA7402C56E5A900C8A95A /* UsersManager.swift */; };
/* End PBXBuildFile section */

/* Begin PBXContainerItemProxy section */
		0EADA71D2C56C9D100C8A95A /* PBXContainerItemProxy */ = {
			isa = PBXContainerItemProxy;
			containerPortal = 0EADA7042C56C9CF00C8A95A /* Project object */;
			proxyType = 1;
			remoteGlobalIDString = 0EADA70B2C56C9CF00C8A95A;
			remoteInfo = SearchUser;
		};
		0EADA7272C56C9D100C8A95A /* PBXContainerItemProxy */ = {
			isa = PBXContainerItemProxy;
			containerPortal = 0EADA7042C56C9CF00C8A95A /* Project object */;
			proxyType = 1;
			remoteGlobalIDString = 0EADA70B2C56C9CF00C8A95A;
			remoteInfo = SearchUser;
		};
/* End PBXContainerItemProxy section */

/* Begin PBXFileReference section */
		0EADA70C2C56C9CF00C8A95A /* SearchUser.app */ = {isa = PBXFileReference; explicitFileType = wrapper.application; includeInIndex = 0; path = SearchUser.app; sourceTree = BUILT_PRODUCTS_DIR; };
		0EADA70F2C56C9CF00C8A95A /* SearchUserApp.swift */ = {isa = PBXFileReference; lastKnownFileType = sourcecode.swift; path = SearchUserApp.swift; sourceTree = "<group>"; };
		0EADA7112C56C9CF00C8A95A /* ContentView.swift */ = {isa = PBXFileReference; lastKnownFileType = sourcecode.swift; path = ContentView.swift; sourceTree = "<group>"; };
		0EADA7132C56C9D100C8A95A /* Assets.xcassets */ = {isa = PBXFileReference; lastKnownFileType = folder.assetcatalog; path = Assets.xcassets; sourceTree = "<group>"; };
		0EADA7162C56C9D100C8A95A /* Preview Assets.xcassets */ = {isa = PBXFileReference; lastKnownFileType = folder.assetcatalog; path = "Preview Assets.xcassets"; sourceTree = "<group>"; };
		0EADA71C2C56C9D100C8A95A /* SearchUserTests.xctest */ = {isa = PBXFileReference; explicitFileType = wrapper.cfbundle; includeInIndex = 0; path = SearchUserTests.xctest; sourceTree = BUILT_PRODUCTS_DIR; };
		0EADA7202C56C9D100C8A95A /* SearchUserTests.swift */ = {isa = PBXFileReference; lastKnownFileType = sourcecode.swift; path = SearchUserTests.swift; sourceTree = "<group>"; };
		0EADA7262C56C9D100C8A95A /* SearchUserUITests.xctest */ = {isa = PBXFileReference; explicitFileType = wrapper.cfbundle; includeInIndex = 0; path = SearchUserUITests.xctest; sourceTree = BUILT_PRODUCTS_DIR; };
		0EADA72A2C56C9D100C8A95A /* SearchUserUITests.swift */ = {isa = PBXFileReference; lastKnownFileType = sourcecode.swift; path = SearchUserUITests.swift; sourceTree = "<group>"; };
		0EADA72C2C56C9D100C8A95A /* SearchUserUITestsLaunchTests.swift */ = {isa = PBXFileReference; lastKnownFileType = sourcecode.swift; path = SearchUserUITestsLaunchTests.swift; sourceTree = "<group>"; };
		0EADA73C2C56DFDE00C8A95A /* User.swift */ = {isa = PBXFileReference; lastKnownFileType = sourcecode.swift; path = User.swift; sourceTree = "<group>"; };
		0EADA73E2C56E25E00C8A95A /* SearchUserInfo.swift */ = {isa = PBXFileReference; lastKnownFileType = sourcecode.swift; path = SearchUserInfo.swift; sourceTree = "<group>"; };
		0EADA7402C56E5A900C8A95A /* UsersManager.swift */ = {isa = PBXFileReference; lastKnownFileType = sourcecode.swift; path = UsersManager.swift; sourceTree = "<group>"; };
/* End PBXFileReference section */

/* Begin PBXFrameworksBuildPhase section */
		0EADA7092C56C9CF00C8A95A /* Frameworks */ = {
			isa = PBXFrameworksBuildPhase;
			buildActionMask = 2147483647;
			files = (
			);
			runOnlyForDeploymentPostprocessing = 0;
		};
		0EADA7192C56C9D100C8A95A /* Frameworks */ = {
			isa = PBXFrameworksBuildPhase;
			buildActionMask = 2147483647;
			files = (
			);
			runOnlyForDeploymentPostprocessing = 0;
		};
		0EADA7232C56C9D100C8A95A /* Frameworks */ = {
			isa = PBXFrameworksBuildPhase;
			buildActionMask = 2147483647;
			files = (
			);
			runOnlyForDeploymentPostprocessing = 0;
		};
/* End PBXFrameworksBuildPhase section */

/* Begin PBXGroup section */
		0EADA7032C56C9CF00C8A95A = {
			isa = PBXGroup;
			children = (
				0EADA70E2C56C9CF00C8A95A /* SearchUser */,
				0EADA71F2C56C9D100C8A95A /* SearchUserTests */,
				0EADA7292C56C9D100C8A95A /* SearchUserUITests */,
				0EADA70D2C56C9CF00C8A95A /* Products */,
			);
			sourceTree = "<group>";
		};
		0EADA70D2C56C9CF00C8A95A /* Products */ = {
			isa = PBXGroup;
			children = (
				0EADA70C2C56C9CF00C8A95A /* SearchUser.app */,
				0EADA71C2C56C9D100C8A95A /* SearchUserTests.xctest */,
				0EADA7262C56C9D100C8A95A /* SearchUserUITests.xctest */,
			);
			name = Products;
			sourceTree = "<group>";
		};
		0EADA70E2C56C9CF00C8A95A /* SearchUser */ = {
			isa = PBXGroup;
			children = (
				0EADA73A2C56DF6700C8A95A /* Views */,
				0EADA73B2C56DFBF00C8A95A /* ViewModel */,
				0EADA7392C56DF5E00C8A95A /* Model */,
				0EADA70F2C56C9CF00C8A95A /* SearchUserApp.swift */,
				0EADA7112C56C9CF00C8A95A /* ContentView.swift */,
				0EADA73E2C56E25E00C8A95A /* SearchUserInfo.swift */,
				0EADA7402C56E5A900C8A95A /* UsersManager.swift */,
				0EADA73C2C56DFDE00C8A95A /* User.swift */,
				0EADA7132C56C9D100C8A95A /* Assets.xcassets */,
				0EADA7152C56C9D100C8A95A /* Preview Content */,
			);
			path = SearchUser;
			sourceTree = "<group>";
		};
		0EADA7152C56C9D100C8A95A /* Preview Content */ = {
			isa = PBXGroup;
			children = (
				0EADA7162C56C9D100C8A95A /* Preview Assets.xcassets */,
			);
			path = "Preview Content";
			sourceTree = "<group>";
		};
		0EADA71F2C56C9D100C8A95A /* SearchUserTests */ = {
			isa = PBXGroup;
			children = (
				0EADA7202C56C9D100C8A95A /* SearchUserTests.swift */,
			);
			path = SearchUserTests;
			sourceTree = "<group>";
		};
		0EADA7292C56C9D100C8A95A /* SearchUserUITests */ = {
			isa = PBXGroup;
			children = (
				0EADA72A2C56C9D100C8A95A /* SearchUserUITests.swift */,
				0EADA72C2C56C9D100C8A95A /* SearchUserUITestsLaunchTests.swift */,
			);
			path = SearchUserUITests;
			sourceTree = "<group>";
		};
		0EADA7392C56DF5E00C8A95A /* Model */ = {
			isa = PBXGroup;
			children = (
			);
			path = Model;
			sourceTree = "<group>";
		};
		0EADA73A2C56DF6700C8A95A /* Views */ = {
			isa = PBXGroup;
			children = (
			);
			path = Views;
			sourceTree = "<group>";
		};
		0EADA73B2C56DFBF00C8A95A /* ViewModel */ = {
			isa = PBXGroup;
			children = (
			);
			path = ViewModel;
			sourceTree = "<group>";
		};
/* End PBXGroup section */

/* Begin PBXNativeTarget section */
		0EADA70B2C56C9CF00C8A95A /* SearchUser */ = {
			isa = PBXNativeTarget;
			buildConfigurationList = 0EADA7302C56C9D100C8A95A /* Build configuration list for PBXNativeTarget "SearchUser" */;
			buildPhases = (
				0EADA7082C56C9CF00C8A95A /* Sources */,
				0EADA7092C56C9CF00C8A95A /* Frameworks */,
				0EADA70A2C56C9CF00C8A95A /* Resources */,
			);
			buildRules = (
			);
			dependencies = (
			);
			name = SearchUser;
			productName = SearchUser;
			productReference = 0EADA70C2C56C9CF00C8A95A /* SearchUser.app */;
			productType = "com.apple.product-type.application";
		};
		0EADA71B2C56C9D100C8A95A /* SearchUserTests */ = {
			isa = PBXNativeTarget;
			buildConfigurationList = 0EADA7332C56C9D100C8A95A /* Build configuration list for PBXNativeTarget "SearchUserTests" */;
			buildPhases = (
				0EADA7182C56C9D100C8A95A /* Sources */,
				0EADA7192C56C9D100C8A95A /* Frameworks */,
				0EADA71A2C56C9D100C8A95A /* Resources */,
			);
			buildRules = (
			);
			dependencies = (
				0EADA71E2C56C9D100C8A95A /* PBXTargetDependency */,
			);
			name = SearchUserTests;
			productName = SearchUserTests;
			productReference = 0EADA71C2C56C9D100C8A95A /* SearchUserTests.xctest */;
			productType = "com.apple.product-type.bundle.unit-test";
		};
		0EADA7252C56C9D100C8A95A /* SearchUserUITests */ = {
			isa = PBXNativeTarget;
			buildConfigurationList = 0EADA7362C56C9D100C8A95A /* Build configuration list for PBXNativeTarget "SearchUserUITests" */;
			buildPhases = (
				0EADA7222C56C9D100C8A95A /* Sources */,
				0EADA7232C56C9D100C8A95A /* Frameworks */,
				0EADA7242C56C9D100C8A95A /* Resources */,
			);
			buildRules = (
			);
			dependencies = (
				0EADA7282C56C9D100C8A95A /* PBXTargetDependency */,
			);
			name = SearchUserUITests;
			productName = SearchUserUITests;
			productReference = 0EADA7262C56C9D100C8A95A /* SearchUserUITests.xctest */;
			productType = "com.apple.product-type.bundle.ui-testing";
		};
/* End PBXNativeTarget section */

/* Begin PBXProject section */
		0EADA7042C56C9CF00C8A95A /* Project object */ = {
			isa = PBXProject;
			attributes = {
				BuildIndependentTargetsInParallel = 1;
				LastSwiftUpdateCheck = 1530;
				LastUpgradeCheck = 1530;
				TargetAttributes = {
					0EADA70B2C56C9CF00C8A95A = {
						CreatedOnToolsVersion = 15.3;
					};
					0EADA71B2C56C9D100C8A95A = {
						CreatedOnToolsVersion = 15.3;
						TestTargetID = 0EADA70B2C56C9CF00C8A95A;
					};
					0EADA7252C56C9D100C8A95A = {
						CreatedOnToolsVersion = 15.3;
						TestTargetID = 0EADA70B2C56C9CF00C8A95A;
					};
				};
			};
			buildConfigurationList = 0EADA7072C56C9CF00C8A95A /* Build configuration list for PBXProject "SearchUser" */;
			compatibilityVersion = "Xcode 14.0";
			developmentRegion = en;
			hasScannedForEncodings = 0;
			knownRegions = (
				en,
				Base,
			);
			mainGroup = 0EADA7032C56C9CF00C8A95A;
			productRefGroup = 0EADA70D2C56C9CF00C8A95A /* Products */;
			projectDirPath = "";
			projectRoot = "";
			targets = (
				0EADA70B2C56C9CF00C8A95A /* SearchUser */,
				0EADA71B2C56C9D100C8A95A /* SearchUserTests */,
				0EADA7252C56C9D100C8A95A /* SearchUserUITests */,
			);
		};
/* End PBXProject section */

/* Begin PBXResourcesBuildPhase section */
		0EADA70A2C56C9CF00C8A95A /* Resources */ = {
			isa = PBXResourcesBuildPhase;
			buildActionMask = 2147483647;
			files = (
				0EADA7172C56C9D100C8A95A /* Preview Assets.xcassets in Resources */,
				0EADA7142C56C9D100C8A95A /* Assets.xcassets in Resources */,
			);
			runOnlyForDeploymentPostprocessing = 0;
		};
		0EADA71A2C56C9D100C8A95A /* Resources */ = {
			isa = PBXResourcesBuildPhase;
			buildActionMask = 2147483647;
			files = (
			);
			runOnlyForDeploymentPostprocessing = 0;
		};
		0EADA7242C56C9D100C8A95A /* Resources */ = {
			isa = PBXResourcesBuildPhase;
			buildActionMask = 2147483647;
			files = (
			);
			runOnlyForDeploymentPostprocessing = 0;
		};
/* End PBXResourcesBuildPhase section */

/* Begin PBXSourcesBuildPhase section */
		0EADA7082C56C9CF00C8A95A /* Sources */ = {
			isa = PBXSourcesBuildPhase;
			buildActionMask = 2147483647;
			files = (
				0EADA7412C56E5A900C8A95A /* UsersManager.swift in Sources */,
				0EADA73F2C56E25E00C8A95A /* SearchUserInfo.swift in Sources */,
				0EADA7122C56C9CF00C8A95A /* ContentView.swift in Sources */,
				0EADA7102C56C9CF00C8A95A /* SearchUserApp.swift in Sources */,
				0EADA73D2C56DFDE00C8A95A /* User.swift in Sources */,
			);
			runOnlyForDeploymentPostprocessing = 0;
		};
		0EADA7182C56C9D100C8A95A /* Sources */ = {
			isa = PBXSourcesBuildPhase;
			buildActionMask = 2147483647;
			files = (
				0EADA7212C56C9D100C8A95A /* SearchUserTests.swift in Sources */,
			);
			runOnlyForDeploymentPostprocessing = 0;
		};
		0EADA7222C56C9D100C8A95A /* Sources */ = {
			isa = PBXSourcesBuildPhase;
			buildActionMask = 2147483647;
			files = (
				0EADA72B2C56C9D100C8A95A /* SearchUserUITests.swift in Sources */,
				0EADA72D2C56C9D100C8A95A /* SearchUserUITestsLaunchTests.swift in Sources */,
			);
			runOnlyForDeploymentPostprocessing = 0;
		};
/* End PBXSourcesBuildPhase section */

/* Begin PBXTargetDependency section */
		0EADA71E2C56C9D100C8A95A /* PBXTargetDependency */ = {
			isa = PBXTargetDependency;
			target = 0EADA70B2C56C9CF00C8A95A /* SearchUser */;
			targetProxy = 0EADA71D2C56C9D100C8A95A /* PBXContainerItemProxy */;
		};
		0EADA7282C56C9D100C8A95A /* PBXTargetDependency */ = {
			isa = PBXTargetDependency;
			target = 0EADA70B2C56C9CF00C8A95A /* SearchUser */;
			targetProxy = 0EADA7272C56C9D100C8A95A /* PBXContainerItemProxy */;
		};
/* End PBXTargetDependency section */

/* Begin XCBuildConfiguration section */
		0EADA72E2C56C9D100C8A95A /* Debug */ = {
			isa = XCBuildConfiguration;
			buildSettings = {
				ALWAYS_SEARCH_USER_PATHS = NO;
				ASSETCATALOG_COMPILER_GENERATE_SWIFT_ASSET_SYMBOL_EXTENSIONS = YES;
				CLANG_ANALYZER_NONNULL = YES;
				CLANG_ANALYZER_NUMBER_OBJECT_CONVERSION = YES_AGGRESSIVE;
				CLANG_CXX_LANGUAGE_STANDARD = "gnu++20";
				CLANG_ENABLE_MODULES = YES;
				CLANG_ENABLE_OBJC_ARC = YES;
				CLANG_ENABLE_OBJC_WEAK = YES;
				CLANG_WARN_BLOCK_CAPTURE_AUTORELEASING = YES;
				CLANG_WARN_BOOL_CONVERSION = YES;
				CLANG_WARN_COMMA = YES;
				CLANG_WARN_CONSTANT_CONVERSION = YES;
				CLANG_WARN_DEPRECATED_OBJC_IMPLEMENTATIONS = YES;
				CLANG_WARN_DIRECT_OBJC_ISA_USAGE = YES_ERROR;
				CLANG_WARN_DOCUMENTATION_COMMENTS = YES;
				CLANG_WARN_EMPTY_BODY = YES;
				CLANG_WARN_ENUM_CONVERSION = YES;
				CLANG_WARN_INFINITE_RECURSION = YES;
				CLANG_WARN_INT_CONVERSION = YES;
				CLANG_WARN_NON_LITERAL_NULL_CONVERSION = YES;
				CLANG_WARN_OBJC_IMPLICIT_RETAIN_SELF = YES;
				CLANG_WARN_OBJC_LITERAL_CONVERSION = YES;
				CLANG_WARN_OBJC_ROOT_CLASS = YES_ERROR;
				CLANG_WARN_QUOTED_INCLUDE_IN_FRAMEWORK_HEADER = YES;
				CLANG_WARN_RANGE_LOOP_ANALYSIS = YES;
				CLANG_WARN_STRICT_PROTOTYPES = YES;
				CLANG_WARN_SUSPICIOUS_MOVE = YES;
				CLANG_WARN_UNGUARDED_AVAILABILITY = YES_AGGRESSIVE;
				CLANG_WARN_UNREACHABLE_CODE = YES;
				CLANG_WARN__DUPLICATE_METHOD_MATCH = YES;
				COPY_PHASE_STRIP = NO;
				DEBUG_INFORMATION_FORMAT = dwarf;
				ENABLE_STRICT_OBJC_MSGSEND = YES;
				ENABLE_TESTABILITY = YES;
				ENABLE_USER_SCRIPT_SANDBOXING = YES;
				GCC_C_LANGUAGE_STANDARD = gnu17;
				GCC_DYNAMIC_NO_PIC = NO;
				GCC_NO_COMMON_BLOCKS = YES;
				GCC_OPTIMIZATION_LEVEL = 0;
				GCC_PREPROCESSOR_DEFINITIONS = (
					"DEBUG=1",
					"$(inherited)",
				);
				GCC_WARN_64_TO_32_BIT_CONVERSION = YES;
				GCC_WARN_ABOUT_RETURN_TYPE = YES_ERROR;
				GCC_WARN_UNDECLARED_SELECTOR = YES;
				GCC_WARN_UNINITIALIZED_AUTOS = YES_AGGRESSIVE;
				GCC_WARN_UNUSED_FUNCTION = YES;
				GCC_WARN_UNUSED_VARIABLE = YES;
				IPHONEOS_DEPLOYMENT_TARGET = 17.4;
				LOCALIZATION_PREFERS_STRING_CATALOGS = YES;
				MTL_ENABLE_DEBUG_INFO = INCLUDE_SOURCE;
				MTL_FAST_MATH = YES;
				ONLY_ACTIVE_ARCH = YES;
				SDKROOT = iphoneos;
				SWIFT_ACTIVE_COMPILATION_CONDITIONS = "DEBUG $(inherited)";
				SWIFT_OPTIMIZATION_LEVEL = "-Onone";
			};
			name = Debug;
		};
		0EADA72F2C56C9D100C8A95A /* Release */ = {
			isa = XCBuildConfiguration;
			buildSettings = {
				ALWAYS_SEARCH_USER_PATHS = NO;
				ASSETCATALOG_COMPILER_GENERATE_SWIFT_ASSET_SYMBOL_EXTENSIONS = YES;
				CLANG_ANALYZER_NONNULL = YES;
				CLANG_ANALYZER_NUMBER_OBJECT_CONVERSION = YES_AGGRESSIVE;
				CLANG_CXX_LANGUAGE_STANDARD = "gnu++20";
				CLANG_ENABLE_MODULES = YES;
				CLANG_ENABLE_OBJC_ARC = YES;
				CLANG_ENABLE_OBJC_WEAK = YES;
				CLANG_WARN_BLOCK_CAPTURE_AUTORELEASING = YES;
				CLANG_WARN_BOOL_CONVERSION = YES;
				CLANG_WARN_COMMA = YES;
				CLANG_WARN_CONSTANT_CONVERSION = YES;
				CLANG_WARN_DEPRECATED_OBJC_IMPLEMENTATIONS = YES;
				CLANG_WARN_DIRECT_OBJC_ISA_USAGE = YES_ERROR;
				CLANG_WARN_DOCUMENTATION_COMMENTS = YES;
				CLANG_WARN_EMPTY_BODY = YES;
				CLANG_WARN_ENUM_CONVERSION = YES;
				CLANG_WARN_INFINITE_RECURSION = YES;
				CLANG_WARN_INT_CONVERSION = YES;
				CLANG_WARN_NON_LITERAL_NULL_CONVERSION = YES;
				CLANG_WARN_OBJC_IMPLICIT_RETAIN_SELF = YES;
				CLANG_WARN_OBJC_LITERAL_CONVERSION = YES;
				CLANG_WARN_OBJC_ROOT_CLASS = YES_ERROR;
				CLANG_WARN_QUOTED_INCLUDE_IN_FRAMEWORK_HEADER = YES;
				CLANG_WARN_RANGE_LOOP_ANALYSIS = YES;
				CLANG_WARN_STRICT_PROTOTYPES = YES;
				CLANG_WARN_SUSPICIOUS_MOVE = YES;
				CLANG_WARN_UNGUARDED_AVAILABILITY = YES_AGGRESSIVE;
				CLANG_WARN_UNREACHABLE_CODE = YES;
				CLANG_WARN__DUPLICATE_METHOD_MATCH = YES;
				COPY_PHASE_STRIP = NO;
				DEBUG_INFORMATION_FORMAT = "dwarf-with-dsym";
				ENABLE_NS_ASSERTIONS = NO;
				ENABLE_STRICT_OBJC_MSGSEND = YES;
				ENABLE_USER_SCRIPT_SANDBOXING = YES;
				GCC_C_LANGUAGE_STANDARD = gnu17;
				GCC_NO_COMMON_BLOCKS = YES;
				GCC_WARN_64_TO_32_BIT_CONVERSION = YES;
				GCC_WARN_ABOUT_RETURN_TYPE = YES_ERROR;
				GCC_WARN_UNDECLARED_SELECTOR = YES;
				GCC_WARN_UNINITIALIZED_AUTOS = YES_AGGRESSIVE;
				GCC_WARN_UNUSED_FUNCTION = YES;
				GCC_WARN_UNUSED_VARIABLE = YES;
				IPHONEOS_DEPLOYMENT_TARGET = 17.4;
				LOCALIZATION_PREFERS_STRING_CATALOGS = YES;
				MTL_ENABLE_DEBUG_INFO = NO;
				MTL_FAST_MATH = YES;
				SDKROOT = iphoneos;
				SWIFT_COMPILATION_MODE = wholemodule;
				VALIDATE_PRODUCT = YES;
			};
			name = Release;
		};
		0EADA7312C56C9D100C8A95A /* Debug */ = {
			isa = XCBuildConfiguration;
			buildSettings = {
				ASSETCATALOG_COMPILER_APPICON_NAME = AppIcon;
				ASSETCATALOG_COMPILER_GLOBAL_ACCENT_COLOR_NAME = AccentColor;
				CODE_SIGN_STYLE = Automatic;
				CURRENT_PROJECT_VERSION = 1;
				DEVELOPMENT_ASSET_PATHS = "\"SearchUser/Preview Content\"";
				DEVELOPMENT_TEAM = 57XCXQG24A;
				ENABLE_PREVIEWS = YES;
				GENERATE_INFOPLIST_FILE = YES;
				INFOPLIST_KEY_UIApplicationSceneManifest_Generation = YES;
				INFOPLIST_KEY_UIApplicationSupportsIndirectInputEvents = YES;
				INFOPLIST_KEY_UILaunchScreen_Generation = YES;
				INFOPLIST_KEY_UISupportedInterfaceOrientations_iPad = "UIInterfaceOrientationPortrait UIInterfaceOrientationPortraitUpsideDown UIInterfaceOrientationLandscapeLeft UIInterfaceOrientationLandscapeRight";
				INFOPLIST_KEY_UISupportedInterfaceOrientations_iPhone = "UIInterfaceOrientationPortrait UIInterfaceOrientationLandscapeLeft UIInterfaceOrientationLandscapeRight";
				LD_RUNPATH_SEARCH_PATHS = (
					"$(inherited)",
					"@executable_path/Frameworks",
				);
				MARKETING_VERSION = 1.0;
				PRODUCT_BUNDLE_IDENTIFIER = MyApp.SearchUser;
				PRODUCT_NAME = "$(TARGET_NAME)";
				SWIFT_EMIT_LOC_STRINGS = YES;
				SWIFT_VERSION = 5.0;
				TARGETED_DEVICE_FAMILY = "1,2";
			};
			name = Debug;
		};
		0EADA7322C56C9D100C8A95A /* Release */ = {
			isa = XCBuildConfiguration;
			buildSettings = {
				ASSETCATALOG_COMPILER_APPICON_NAME = AppIcon;
				ASSETCATALOG_COMPILER_GLOBAL_ACCENT_COLOR_NAME = AccentColor;
				CODE_SIGN_STYLE = Automatic;
				CURRENT_PROJECT_VERSION = 1;
				DEVELOPMENT_ASSET_PATHS = "\"SearchUser/Preview Content\"";
				DEVELOPMENT_TEAM = 57XCXQG24A;
				ENABLE_PREVIEWS = YES;
				GENERATE_INFOPLIST_FILE = YES;
				INFOPLIST_KEY_UIApplicationSceneManifest_Generation = YES;
				INFOPLIST_KEY_UIApplicationSupportsIndirectInputEvents = YES;
				INFOPLIST_KEY_UILaunchScreen_Generation = YES;
				INFOPLIST_KEY_UISupportedInterfaceOrientations_iPad = "UIInterfaceOrientationPortrait UIInterfaceOrientationPortraitUpsideDown UIInterfaceOrientationLandscapeLeft UIInterfaceOrientationLandscapeRight";
				INFOPLIST_KEY_UISupportedInterfaceOrientations_iPhone = "UIInterfaceOrientationPortrait UIInterfaceOrientationLandscapeLeft UIInterfaceOrientationLandscapeRight";
				LD_RUNPATH_SEARCH_PATHS = (
					"$(inherited)",
					"@executable_path/Frameworks",
				);
				MARKETING_VERSION = 1.0;
				PRODUCT_BUNDLE_IDENTIFIER = MyApp.SearchUser;
				PRODUCT_NAME = "$(TARGET_NAME)";
				SWIFT_EMIT_LOC_STRINGS = YES;
				SWIFT_VERSION = 5.0;
				TARGETED_DEVICE_FAMILY = "1,2";
			};
			name = Release;
		};
		0EADA7342C56C9D100C8A95A /* Debug */ = {
			isa = XCBuildConfiguration;
			buildSettings = {
				ALWAYS_EMBED_SWIFT_STANDARD_LIBRARIES = YES;
				BUNDLE_LOADER = "$(TEST_HOST)";
				CODE_SIGN_STYLE = Automatic;
				CURRENT_PROJECT_VERSION = 1;
				DEVELOPMENT_TEAM = 57XCXQG24A;
				GENERATE_INFOPLIST_FILE = YES;
				IPHONEOS_DEPLOYMENT_TARGET = 17.4;
				MARKETING_VERSION = 1.0;
				PRODUCT_BUNDLE_IDENTIFIER = MyApp.SearchUserTests;
				PRODUCT_NAME = "$(TARGET_NAME)";
				SWIFT_EMIT_LOC_STRINGS = NO;
				SWIFT_VERSION = 5.0;
				TARGETED_DEVICE_FAMILY = "1,2";
				TEST_HOST = "$(BUILT_PRODUCTS_DIR)/SearchUser.app/$(BUNDLE_EXECUTABLE_FOLDER_PATH)/SearchUser";
			};
			name = Debug;
		};
		0EADA7352C56C9D100C8A95A /* Release */ = {
			isa = XCBuildConfiguration;
			buildSettings = {
				ALWAYS_EMBED_SWIFT_STANDARD_LIBRARIES = YES;
				BUNDLE_LOADER = "$(TEST_HOST)";
				CODE_SIGN_STYLE = Automatic;
				CURRENT_PROJECT_VERSION = 1;
				DEVELOPMENT_TEAM = 57XCXQG24A;
				GENERATE_INFOPLIST_FILE = YES;
				IPHONEOS_DEPLOYMENT_TARGET = 17.4;
				MARKETING_VERSION = 1.0;
				PRODUCT_BUNDLE_IDENTIFIER = MyApp.SearchUserTests;
				PRODUCT_NAME = "$(TARGET_NAME)";
				SWIFT_EMIT_LOC_STRINGS = NO;
				SWIFT_VERSION = 5.0;
				TARGETED_DEVICE_FAMILY = "1,2";
				TEST_HOST = "$(BUILT_PRODUCTS_DIR)/SearchUser.app/$(BUNDLE_EXECUTABLE_FOLDER_PATH)/SearchUser";
			};
			name = Release;
		};
		0EADA7372C56C9D100C8A95A /* Debug */ = {
			isa = XCBuildConfiguration;
			buildSettings = {
				ALWAYS_EMBED_SWIFT_STANDARD_LIBRARIES = YES;
				CODE_SIGN_STYLE = Automatic;
				CURRENT_PROJECT_VERSION = 1;
				DEVELOPMENT_TEAM = 57XCXQG24A;
				GENERATE_INFOPLIST_FILE = YES;
				MARKETING_VERSION = 1.0;
				PRODUCT_BUNDLE_IDENTIFIER = MyApp.SearchUserUITests;
				PRODUCT_NAME = "$(TARGET_NAME)";
				SWIFT_EMIT_LOC_STRINGS = NO;
				SWIFT_VERSION = 5.0;
				TARGETED_DEVICE_FAMILY = "1,2";
				TEST_TARGET_NAME = SearchUser;
			};
			name = Debug;
		};
		0EADA7382C56C9D100C8A95A /* Release */ = {
			isa = XCBuildConfiguration;
			buildSettings = {
				ALWAYS_EMBED_SWIFT_STANDARD_LIBRARIES = YES;
				CODE_SIGN_STYLE = Automatic;
				CURRENT_PROJECT_VERSION = 1;
				DEVELOPMENT_TEAM = 57XCXQG24A;
				GENERATE_INFOPLIST_FILE = YES;
				MARKETING_VERSION = 1.0;
				PRODUCT_BUNDLE_IDENTIFIER = MyApp.SearchUserUITests;
				PRODUCT_NAME = "$(TARGET_NAME)";
				SWIFT_EMIT_LOC_STRINGS = NO;
				SWIFT_VERSION = 5.0;
				TARGETED_DEVICE_FAMILY = "1,2";
				TEST_TARGET_NAME = SearchUser;
			};
			name = Release;
		};
/* End XCBuildConfiguration section */

/* Begin XCConfigurationList section */
		0EADA7072C56C9CF00C8A95A /* Build configuration list for PBXProject "SearchUser" */ = {
			isa = XCConfigurationList;
			buildConfigurations = (
				0EADA72E2C56C9D100C8A95A /* Debug */,
				0EADA72F2C56C9D100C8A95A /* Release */,
			);
			defaultConfigurationIsVisible = 0;
			defaultConfigurationName = Release;
		};
		0EADA7302C56C9D100C8A95A /* Build configuration list for PBXNativeTarget "SearchUser" */ = {
			isa = XCConfigurationList;
			buildConfigurations = (
				0EADA7312C56C9D100C8A95A /* Debug */,
				0EADA7322C56C9D100C8A95A /* Release */,
			);
			defaultConfigurationIsVisible = 0;
			defaultConfigurationName = Release;
		};
		0EADA7332C56C9D100C8A95A /* Build configuration list for PBXNativeTarget "SearchUserTests" */ = {
			isa = XCConfigurationList;
			buildConfigurations = (
				0EADA7342C56C9D100C8A95A /* Debug */,
				0EADA7352C56C9D100C8A95A /* Release */,
			);
			defaultConfigurationIsVisible = 0;
			defaultConfigurationName = Release;
		};
		0EADA7362C56C9D100C8A95A /* Build configuration list for PBXNativeTarget "SearchUserUITests" */ = {
			isa = XCConfigurationList;
			buildConfigurations = (
				0EADA7372C56C9D100C8A95A /* Debug */,
				0EADA7382C56C9D100C8A95A /* Release */,
			);
			defaultConfigurationIsVisible = 0;
			defaultConfigurationName = Release;
		};
/* End XCConfigurationList section */
	};
	rootObject = 0EADA7042C56C9CF00C8A95A /* Project object */;
}
